
Microsoft Visual Studio Solution File, Format Version 12.00
Project("{2150E333-8FDC-42A3-9474-1A3956D46DE8}") = "src", "src", "{71DCC604-009E-4E0A-B771-FDD47CE91178}"
EndProject
Project("{2150E333-8FDC-42A3-9474-1A3956D46DE8}") = "test", "test", "{D3B9156F-E15C-49B2-88BA-9ABBCBE8302E}"
EndProject
Project("{FAE04EC0-301F-11D3-BF4B-00C04F79EFBC}") = "Api", "Api\Api.csproj", "{BE8FA44E-5D34-4A05-BFA0-4123C25F5A3E}"
EndProject
Project("{FAE04EC0-301F-11D3-BF4B-00C04F79EFBC}") = "Core", "Core\Core.csproj", "{9E278FF5-F435-42F1-AAF5-542CECCD357A}"
EndProject
Project("{FAE04EC0-301F-11D3-BF4B-00C04F79EFBC}") = "Infrastructure", "Infrastructure\Infrastructure.csproj", "{B920726C-E606-4451-944F-70480BAB6DE9}"
EndProject
Project("{FAE04EC0-301F-11D3-BF4B-00C04F79EFBC}") = "Unit.Test", "Unit.Test\Unit.Test.csproj", "{7848429A-9035-4846-935E-168B85790C6E}"
EndProject
Global
	GlobalSection(SolutionConfigurationPlatforms) = preSolution
		Debug|Any CPU = Debug|Any CPU
		Release|Any CPU = Release|Any CPU
	EndGlobalSection
	GlobalSection(NestedProjects) = preSolution
		{BE8FA44E-5D34-4A05-BFA0-4123C25F5A3E} = {71DCC604-009E-4E0A-B771-FDD47CE91178}
		{9E278FF5-F435-42F1-AAF5-542CECCD357A} = {71DCC604-009E-4E0A-B771-FDD47CE91178}
		{B920726C-E606-4451-944F-70480BAB6DE9} = {71DCC604-009E-4E0A-B771-FDD47CE91178}
		{7848429A-9035-4846-935E-168B85790C6E} = {D3B9156F-E15C-49B2-88BA-9ABBCBE8302E}
	EndGlobalSection
	GlobalSection(ProjectConfigurationPlatforms) = postSolution
		{BE8FA44E-5D34-4A05-BFA0-4123C25F5A3E}.Debug|Any CPU.ActiveCfg = Debug|Any CPU
		{BE8FA44E-5D34-4A05-BFA0-4123C25F5A3E}.Debug|Any CPU.Build.0 = Debug|Any CPU
		{BE8FA44E-5D34-4A05-BFA0-4123C25F5A3E}.Release|Any CPU.ActiveCfg = Release|Any CPU
		{BE8FA44E-5D34-4A05-BFA0-4123C25F5A3E}.Release|Any CPU.Build.0 = Release|Any CPU
		{9E278FF5-F435-42F1-AAF5-542CECCD357A}.Debug|Any CPU.ActiveCfg = Debug|Any CPU
		{9E278FF5-F435-42F1-AAF5-542CECCD357A}.Debug|Any CPU.Build.0 = Debug|Any CPU
		{9E278FF5-F435-42F1-AAF5-542CECCD357A}.Release|Any CPU.ActiveCfg = Release|Any CPU
		{9E278FF5-F435-42F1-AAF5-542CECCD357A}.Release|Any CPU.Build.0 = Release|Any CPU
		{B920726C-E606-4451-944F-70480BAB6DE9}.Debug|Any CPU.ActiveCfg = Debug|Any CPU
		{B920726C-E606-4451-944F-70480BAB6DE9}.Debug|Any CPU.Build.0 = Debug|Any CPU
		{B920726C-E606-4451-944F-70480BAB6DE9}.Release|Any CPU.ActiveCfg = Release|Any CPU
		{B920726C-E606-4451-944F-70480BAB6DE9}.Release|Any CPU.Build.0 = Release|Any CPU
		{7848429A-9035-4846-935E-168B85790C6E}.Debug|Any CPU.ActiveCfg = Debug|Any CPU
		{7848429A-9035-4846-935E-168B85790C6E}.Debug|Any CPU.Build.0 = Debug|Any CPU
		{7848429A-9035-4846-935E-168B85790C6E}.Release|Any CPU.ActiveCfg = Release|Any CPU
		{7848429A-9035-4846-935E-168B85790C6E}.Release|Any CPU.Build.0 = Release|Any CPU
	EndGlobalSection
EndGlobal
